
Microsoft Visual Studio Solution File, Format Version 12.00
# Visual Studio Version 16
VisualStudioVersion = 16.0.31025.194
MinimumVisualStudioVersion = 10.0.40219.1
Project("{9A19103F-16F7-4668-BE54-9A1E7A4F7556}") = "PremePayBooks.API", "PremePayBooks.API\PremePayBooks.API.csproj", "{B040ED6D-53FC-480B-A517-0670D5442691}"
EndProject
Global
	GlobalSection(SolutionConfigurationPlatforms) = preSolution
		Debug|Any CPU = Debug|Any CPU
		Release|Any CPU = Release|Any CPU
	EndGlobalSection
	GlobalSection(ProjectConfigurationPlatforms) = postSolution
		{B040ED6D-53FC-480B-A517-0670D5442691}.Debug|Any CPU.ActiveCfg = Debug|Any CPU
		{B040ED6D-53FC-480B-A517-0670D5442691}.Debug|Any CPU.Build.0 = Debug|Any CPU
		{B040ED6D-53FC-480B-A517-0670D5442691}.Release|Any CPU.ActiveCfg = Release|Any CPU
		{B040ED6D-53FC-480B-A517-0670D5442691}.Release|Any CPU.Build.0 = Release|Any CPU
	EndGlobalSection
	GlobalSection(SolutionProperties) = preSolution
		HideSolutionNode = FALSE
	EndGlobalSection
	GlobalSection(ExtensibilityGlobals) = postSolution
		SolutionGuid = {CEE1A282-F9AF-4977-8C95-9CFB0508FEB5}
	EndGlobalSection
EndGlobal
